// !$*UTF8*$!
{
	archiveVersion = 1;
	classes = {
	};
	objectVersion = 70;
	objects = {

/* Begin PBXBuildFile section */
		8EE284312F86F22E0023B517 /* Notification.appex in Embed Foundation Extensions */ = {isa = PBXBuildFile; fileRef = 8EE2842A2F86F22E0023B517 /* Notification.appex */; settings = {ATTRIBUTES = (RemoveHeadersOnCopy, ); }; };
		8EE284392F86F2700023B517 /* FirebaseCore in Frameworks */ = {isa = PBXBuildFile; productRef = 8EE284382F86F2700023B517 /* FirebaseCore */; };
		8EE2843B2F86F2700023B517 /* FirebaseMessaging in Frameworks */ = {isa = PBXBuildFile; productRef = 8EE2843A2F86F2700023B517 /* FirebaseMessaging */; };
		8EE2843E2F86F27D0023B517 /* AppsFlyerLib-Static in Frameworks */ = {isa = PBXBuildFile; productRef = 8EE2843D2F86F27D0023B517 /* AppsFlyerLib-Static */; };
		8EE284412F86F2870023B517 /* FirebaseMessaging in Frameworks */ = {isa = PBXBuildFile; productRef = 8EE284402F86F2870023B517 /* FirebaseMessaging */; };
		8EE285282F87A2810023B517 /* GoogleService-Info.plist in Resources */ = {isa = PBXBuildFile; fileRef = 8EE285272F87A2810023B517 /* GoogleService-Info.plist */; };
		8EE285292F87A2810023B517 /* GoogleService-Info.plist in Resources */ = {isa = PBXBuildFile; fileRef = 8EE285272F87A2810023B517 /* GoogleService-Info.plist */; };
		A100000101 /* PoolChemistryApp.swift in Sources */ = {isa = PBXBuildFile; fileRef = A100000001 /* PoolChemistryApp.swift */; };
		A100000102 /* PoolModels.swift in Sources */ = {isa = PBXBuildFile; fileRef = A100000002 /* PoolModels.swift */; };
		A100000103 /* PoolManager.swift in Sources */ = {isa = PBXBuildFile; fileRef = A100000003 /* PoolManager.swift */; };
		A100000104 /* Storage.swift in Sources */ = {isa = PBXBuildFile; fileRef = A100000004 /* Storage.swift */; };
		A100000105 /* CardStyle.swift in Sources */ = {isa = PBXBuildFile; fileRef = A100000005 /* CardStyle.swift */; };
		A100000106 /* MainView.swift in Sources */ = {isa = PBXBuildFile; fileRef = A100000006 /* MainView.swift */; };
		A100000107 /* DashboardView.swift in Sources */ = {isa = PBXBuildFile; fileRef = A100000007 /* DashboardView.swift */; };
		A100000108 /* ReadingsView.swift in Sources */ = {isa = PBXBuildFile; fileRef = A100000008 /* ReadingsView.swift */; };
		A100000109 /* CalculatorView.swift in Sources */ = {isa = PBXBuildFile; fileRef = A100000009 /* CalculatorView.swift */; };
		A100000110 /* ChemicalsView.swift in Sources */ = {isa = PBXBuildFile; fileRef = A100000010 /* ChemicalsView.swift */; };
		A100000111 /* SettingsView.swift in Sources */ = {isa = PBXBuildFile; fileRef = A100000011 /* SettingsView.swift */; };
		A100000112 /* OnboardingView.swift in Sources */ = {isa = PBXBuildFile; fileRef = A100000012 /* OnboardingView.swift */; };
		A100000113 /* Assets.xcassets in Resources */ = {isa = PBXBuildFile; fileRef = A100000013 /* Assets.xcassets */; };
		B200000101 /* Configuration.swift in Sources */ = {isa = PBXBuildFile; fileRef = B200000001 /* Configuration.swift */; };
		B200000102 /* AppDelegate.swift in Sources */ = {isa = PBXBuildFile; fileRef = B200000002 /* AppDelegate.swift */; };
		B200000103 /* NetworkMonitor.swift in Sources */ = {isa = PBXBuildFile; fileRef = B200000003 /* NetworkMonitor.swift */; };
		B200000104 /* AppsFlyerService.swift in Sources */ = {isa = PBXBuildFile; fileRef = B200000004 /* AppsFlyerService.swift */; };
		B200000105 /* PushNotificationService.swift in Sources */ = {isa = PBXBuildFile; fileRef = B200000005 /* PushNotificationService.swift */; };
		B200000106 /* ConfigService.swift in Sources */ = {isa = PBXBuildFile; fileRef = B200000006 /* ConfigService.swift */; };
		B200000107 /* AppStateManager.swift in Sources */ = {isa = PBXBuildFile; fileRef = B200000007 /* AppStateManager.swift */; };
		B200000108 /* FullscreenWebView.swift in Sources */ = {isa = PBXBuildFile; fileRef = B200000008 /* FullscreenWebView.swift */; };
		B200000109 /* LoadingView.swift in Sources */ = {isa = PBXBuildFile; fileRef = B200000009 /* LoadingView.swift */; };
		B200000110 /* NoInternetView.swift in Sources */ = {isa = PBXBuildFile; fileRef = B200000010 /* NoInternetView.swift */; };
		B200000111 /* PushPermissionView.swift in Sources */ = {isa = PBXBuildFile; fileRef = B200000011 /* PushPermissionView.swift */; };
/* End PBXBuildFile section */

/* Begin PBXContainerItemProxy section */
		8EE2842F2F86F22E0023B517 /* PBXContainerItemProxy */ = {
			isa = PBXContainerItemProxy;
			containerPortal = E100000002 /* Project object */;
			proxyType = 1;
			remoteGlobalIDString = 8EE284292F86F22E0023B517;
			remoteInfo = Notification;
		};
/* End PBXContainerItemProxy section */

/* Begin PBXCopyFilesBuildPhase section */
		8EE284322F86F22E0023B517 /* Embed Foundation Extensions */ = {
			isa = PBXCopyFilesBuildPhase;
			buildActionMask = 2147483647;
			dstPath = "";
			dstSubfolderSpec = 13;
			files = (
				8EE284312F86F22E0023B517 /* Notification.appex in Embed Foundation Extensions */,
			);
			name = "Embed Foundation Extensions";
			runOnlyForDeploymentPostprocessing = 0;
		};
/* End PBXCopyFilesBuildPhase section */

/* Begin PBXFileReference section */
		8EE2842A2F86F22E0023B517 /* Notification.appex */ = {isa = PBXFileReference; explicitFileType = "wrapper.app-extension"; includeInIndex = 0; path = Notification.appex; sourceTree = BUILT_PRODUCTS_DIR; };
		8EE285272F87A2810023B517 /* GoogleService-Info.plist */ = {isa = PBXFileReference; lastKnownFileType = text.plist.xml; path = "GoogleService-Info.plist"; sourceTree = "<group>"; };
		A100000001 /* PoolChemistryApp.swift */ = {isa = PBXFileReference; lastKnownFileType = sourcecode.swift; path = PoolChemistryApp.swift; sourceTree = "<group>"; };
		A100000002 /* PoolModels.swift */ = {isa = PBXFileReference; lastKnownFileType = sourcecode.swift; path = PoolModels.swift; sourceTree = "<group>"; };
		A100000003 /* PoolManager.swift */ = {isa = PBXFileReference; lastKnownFileType = sourcecode.swift; path = PoolManager.swift; sourceTree = "<group>"; };
		A100000004 /* Storage.swift */ = {isa = PBXFileReference; lastKnownFileType = sourcecode.swift; path = Storage.swift; sourceTree = "<group>"; };
		A100000005 /* CardStyle.swift */ = {isa = PBXFileReference; lastKnownFileType = sourcecode.swift; path = CardStyle.swift; sourceTree = "<group>"; };
		A100000006 /* MainView.swift */ = {isa = PBXFileReference; lastKnownFileType = sourcecode.swift; path = MainView.swift; sourceTree = "<group>"; };
		A100000007 /* DashboardView.swift */ = {isa = PBXFileReference; lastKnownFileType = sourcecode.swift; path = DashboardView.swift; sourceTree = "<group>"; };
		A100000008 /* ReadingsView.swift */ = {isa = PBXFileReference; lastKnownFileType = sourcecode.swift; path = ReadingsView.swift; sourceTree = "<group>"; };
		A100000009 /* CalculatorView.swift */ = {isa = PBXFileReference; lastKnownFileType = sourcecode.swift; path = CalculatorView.swift; sourceTree = "<group>"; };
		A100000010 /* ChemicalsView.swift */ = {isa = PBXFileReference; lastKnownFileType = sourcecode.swift; path = ChemicalsView.swift; sourceTree = "<group>"; };
		A100000011 /* SettingsView.swift */ = {isa = PBXFileReference; lastKnownFileType = sourcecode.swift; path = SettingsView.swift; sourceTree = "<group>"; };
		A100000012 /* OnboardingView.swift */ = {isa = PBXFileReference; lastKnownFileType = sourcecode.swift; path = OnboardingView.swift; sourceTree = "<group>"; };
		A100000013 /* Assets.xcassets */ = {isa = PBXFileReference; lastKnownFileType = folder.assetcatalog; path = Assets.xcassets; sourceTree = "<group>"; };
		A100000014 /* Info.plist */ = {isa = PBXFileReference; lastKnownFileType = text.plist.xml; path = Info.plist; sourceTree = "<group>"; };
		B200000001 /* Configuration.swift */ = {isa = PBXFileReference; lastKnownFileType = sourcecode.swift; path = Configuration.swift; sourceTree = "<group>"; };
		B200000002 /* AppDelegate.swift */ = {isa = PBXFileReference; lastKnownFileType = sourcecode.swift; path = AppDelegate.swift; sourceTree = "<group>"; };
		B200000003 /* NetworkMonitor.swift */ = {isa = PBXFileReference; lastKnownFileType = sourcecode.swift; path = NetworkMonitor.swift; sourceTree = "<group>"; };
		B200000004 /* AppsFlyerService.swift */ = {isa = PBXFileReference; lastKnownFileType = sourcecode.swift; path = AppsFlyerService.swift; sourceTree = "<group>"; };
		B200000005 /* PushNotificationService.swift */ = {isa = PBXFileReference; lastKnownFileType = sourcecode.swift; path = PushNotificationService.swift; sourceTree = "<group>"; };
		B200000006 /* ConfigService.swift */ = {isa = PBXFileReference; lastKnownFileType = sourcecode.swift; path = ConfigService.swift; sourceTree = "<group>"; };
		B200000007 /* AppStateManager.swift */ = {isa = PBXFileReference; lastKnownFileType = sourcecode.swift; path = AppStateManager.swift; sourceTree = "<group>"; };
		B200000008 /* FullscreenWebView.swift */ = {isa = PBXFileReference; lastKnownFileType = sourcecode.swift; path = FullscreenWebView.swift; sourceTree = "<group>"; };
		B200000009 /* LoadingView.swift */ = {isa = PBXFileReference; lastKnownFileType = sourcecode.swift; path = LoadingView.swift; sourceTree = "<group>"; };
		B200000010 /* NoInternetView.swift */ = {isa = PBXFileReference; lastKnownFileType = sourcecode.swift; path = NoInternetView.swift; sourceTree = "<group>"; };
		B200000011 /* PushPermissionView.swift */ = {isa = PBXFileReference; lastKnownFileType = sourcecode.swift; path = PushPermissionView.swift; sourceTree = "<group>"; };
		B200000012 /* PoolChemistry.entitlements */ = {isa = PBXFileReference; lastKnownFileType = text.plist.entitlements; path = PoolChemistry.entitlements; sourceTree = "<group>"; };
		D100000001 /* PoolChemistry.app */ = {isa = PBXFileReference; explicitFileType = wrapper.application; includeInIndex = 0; path = PoolChemistry.app; sourceTree = BUILT_PRODUCTS_DIR; };
/* End PBXFileReference section */

/* Begin PBXFileSystemSynchronizedBuildFileExceptionSet section */
		8EE284352F86F22E0023B517 /* PBXFileSystemSynchronizedBuildFileExceptionSet */ = {
			isa = PBXFileSystemSynchronizedBuildFileExceptionSet;
			membershipExceptions = (
				Info.plist,
			);
			target = 8EE284292F86F22E0023B517 /* Notification */;
		};
/* End PBXFileSystemSynchronizedBuildFileExceptionSet section */

/* Begin PBXFileSystemSynchronizedRootGroup section */
		8EE2842B2F86F22E0023B517 /* Notification */ = {isa = PBXFileSystemSynchronizedRootGroup; exceptions = (8EE284352F86F22E0023B517 /* PBXFileSystemSynchronizedBuildFileExceptionSet */, ); explicitFileTypes = {}; explicitFolders = (); path = Notification; sourceTree = "<group>"; };
/* End PBXFileSystemSynchronizedRootGroup section */

/* Begin PBXFrameworksBuildPhase section */
		8EE284272F86F22E0023B517 /* Frameworks */ = {
			isa = PBXFrameworksBuildPhase;
			buildActionMask = 2147483647;
			files = (
				8EE284412F86F2870023B517 /* FirebaseMessaging in Frameworks */,
			);
			runOnlyForDeploymentPostprocessing = 0;
		};
		H100000003 /* Frameworks */ = {
			isa = PBXFrameworksBuildPhase;
			buildActionMask = 2147483647;
			files = (
				8EE2843B2F86F2700023B517 /* FirebaseMessaging in Frameworks */,
				8EE284392F86F2700023B517 /* FirebaseCore in Frameworks */,
				8EE2843E2F86F27D0023B517 /* AppsFlyerLib-Static in Frameworks */,
			);
			runOnlyForDeploymentPostprocessing = 0;
		};
/* End PBXFrameworksBuildPhase section */

/* Begin PBXGroup section */
		8EE2843F2F86F2870023B517 /* Frameworks */ = {
			isa = PBXGroup;
			children = (
			);
			name = Frameworks;
			sourceTree = "<group>";
		};
		B200000201 /* Services */ = {
			isa = PBXGroup;
			children = (
				B200000003 /* NetworkMonitor.swift */,
				B200000004 /* AppsFlyerService.swift */,
				B200000005 /* PushNotificationService.swift */,
				B200000006 /* ConfigService.swift */,
				B200000007 /* AppStateManager.swift */,
			);
			path = Services;
			sourceTree = "<group>";
		};
		B200000202 /* Core */ = {
			isa = PBXGroup;
			children = (
				B200000008 /* FullscreenWebView.swift */,
			);
			path = Core;
			sourceTree = "<group>";
		};
		C100000001 = {
			isa = PBXGroup;
			children = (
				8EE285272F87A2810023B517 /* GoogleService-Info.plist */,
				C100000002 /* PoolChemistry */,
				8EE2842B2F86F22E0023B517 /* Notification */,
				8EE2843F2F86F2870023B517 /* Frameworks */,
				C100000007 /* Products */,
			);
			sourceTree = "<group>";
		};
		C100000002 /* PoolChemistry */ = {
			isa = PBXGroup;
			children = (
				A100000001 /* PoolChemistryApp.swift */,
				B200000001 /* Configuration.swift */,
				B200000002 /* AppDelegate.swift */,
				C100000003 /* Models */,
				C100000004 /* ViewModels */,
				C100000005 /* Helpers */,
				B200000201 /* Services */,
				B200000202 /* Core */,
				C100000006 /* Views */,
				A100000013 /* Assets.xcassets */,
				A100000014 /* Info.plist */,
				B200000012 /* PoolChemistry.entitlements */,
			);
			path = PoolChemistry;
			sourceTree = "<group>";
		};
		C100000003 /* Models */ = {
			isa = PBXGroup;
			children = (
				A100000002 /* PoolModels.swift */,
			);
			path = Models;
			sourceTree = "<group>";
		};
		C100000004 /* ViewModels */ = {
			isa = PBXGroup;
			children = (
				A100000003 /* PoolManager.swift */,
			);
			path = ViewModels;
			sourceTree = "<group>";
		};
		C100000005 /* Helpers */ = {
			isa = PBXGroup;
			children = (
				A100000004 /* Storage.swift */,
				A100000005 /* CardStyle.swift */,
			);
			path = Helpers;
			sourceTree = "<group>";
		};
		C100000006 /* Views */ = {
			isa = PBXGroup;
			children = (
				A100000006 /* MainView.swift */,
				A100000007 /* DashboardView.swift */,
				A100000008 /* ReadingsView.swift */,
				A100000009 /* CalculatorView.swift */,
				A100000010 /* ChemicalsView.swift */,
				A100000011 /* SettingsView.swift */,
				A100000012 /* OnboardingView.swift */,
				B200000009 /* LoadingView.swift */,
				B200000010 /* NoInternetView.swift */,
				B200000011 /* PushPermissionView.swift */,
			);
			path = Views;
			sourceTree = "<group>";
		};
		C100000007 /* Products */ = {
			isa = PBXGroup;
			children = (
				D100000001 /* PoolChemistry.app */,
				8EE2842A2F86F22E0023B517 /* Notification.appex */,
			);
			name = Products;
			sourceTree = "<group>";
		};
/* End PBXGroup section */

/* Begin PBXNativeTarget section */
		8EE284292F86F22E0023B517 /* Notification */ = {
			isa = PBXNativeTarget;
			buildConfigurationList = 8EE284362F86F22E0023B517 /* Build configuration list for PBXNativeTarget "Notification" */;
			buildPhases = (
				8EE284262F86F22E0023B517 /* Sources */,
				8EE284272F86F22E0023B517 /* Frameworks */,
				8EE284282F86F22E0023B517 /* Resources */,
			);
			buildRules = (
			);
			dependencies = (
			);
			fileSystemSynchronizedGroups = (
				8EE2842B2F86F22E0023B517 /* Notification */,
			);
			name = Notification;
			packageProductDependencies = (
				8EE284402F86F2870023B517 /* FirebaseMessaging */,
			);
			productName = Notification;
			productReference = 8EE2842A2F86F22E0023B517 /* Notification.appex */;
			productType = "com.apple.product-type.app-extension";
		};
		E100000001 /* PoolChemistry */ = {
			isa = PBXNativeTarget;
			buildConfigurationList = G100000002 /* Build configuration list for PBXNativeTarget "PoolChemistry" */;
			buildPhases = (
				H100000001 /* Sources */,
				H100000002 /* Resources */,
				H100000003 /* Frameworks */,
				8EE284322F86F22E0023B517 /* Embed Foundation Extensions */,
			);
			buildRules = (
			);
			dependencies = (
				8EE284302F86F22E0023B517 /* PBXTargetDependency */,
			);
			name = PoolChemistry;
			productName = PoolChemistry;
			productReference = D100000001 /* PoolChemistry.app */;
			productType = "com.apple.product-type.application";
		};
/* End PBXNativeTarget section */

/* Begin PBXProject section */
		E100000002 /* Project object */ = {
			isa = PBXProject;
			attributes = {
				BuildIndependentTargetsInParallel = 1;
				LastSwiftUpdateCheck = 2600;
				LastUpgradeCheck = 1600;
				TargetAttributes = {
					8EE284292F86F22E0023B517 = {
						CreatedOnToolsVersion = 26.0;
					};
					E100000001 = {
						CreatedOnToolsVersion = 16.0;
					};
				};
			};
			buildConfigurationList = G100000001 /* Build configuration list for PBXProject "PoolChemistry" */;
			compatibilityVersion = "Xcode 14.0";
			developmentRegion = en;
			hasScannedForEncodings = 0;
			knownRegions = (
				en,
				Base,
			);
			mainGroup = C100000001;
			packageReferences = (
				8EE284372F86F2700023B517 /* XCRemoteSwiftPackageReference "firebase-ios-sdk" */,
				8EE2843C2F86F27D0023B517 /* XCRemoteSwiftPackageReference "AppsFlyerFramework-Static" */,
			);
			productRefGroup = C100000007 /* Products */;
			projectDirPath = "";
			projectRoot = "";
			targets = (
				E100000001 /* PoolChemistry */,
				8EE284292F86F22E0023B517 /* Notification */,
			);
		};
/* End PBXProject section */

/* Begin PBXResourcesBuildPhase section */
		8EE284282F86F22E0023B517 /* Resources */ = {
			isa = PBXResourcesBuildPhase;
			buildActionMask = 2147483647;
			files = (
				8EE285292F87A2810023B517 /* GoogleService-Info.plist in Resources */,
			);
			runOnlyForDeploymentPostprocessing = 0;
		};
		H100000002 /* Resources */ = {
			isa = PBXResourcesBuildPhase;
			buildActionMask = 2147483647;
			files = (
				A100000113 /* Assets.xcassets in Resources */,
				8EE285282F87A2810023B517 /* GoogleService-Info.plist in Resources */,
			);
			runOnlyForDeploymentPostprocessing = 0;
		};
/* End PBXResourcesBuildPhase section */

/* Begin PBXSourcesBuildPhase section */
		8EE284262F86F22E0023B517 /* Sources */ = {
			isa = PBXSourcesBuildPhase;
			buildActionMask = 2147483647;
			files = (
			);
			runOnlyForDeploymentPostprocessing = 0;
		};
		H100000001 /* Sources */ = {
			isa = PBXSourcesBuildPhase;
			buildActionMask = 2147483647;
			files = (
				A100000101 /* PoolChemistryApp.swift in Sources */,
				A100000102 /* PoolModels.swift in Sources */,
				A100000103 /* PoolManager.swift in Sources */,
				A100000104 /* Storage.swift in Sources */,
				A100000105 /* CardStyle.swift in Sources */,
				A100000106 /* MainView.swift in Sources */,
				A100000107 /* DashboardView.swift in Sources */,
				A100000108 /* ReadingsView.swift in Sources */,
				A100000109 /* CalculatorView.swift in Sources */,
				A100000110 /* ChemicalsView.swift in Sources */,
				A100000111 /* SettingsView.swift in Sources */,
				A100000112 /* OnboardingView.swift in Sources */,
				B200000101 /* Configuration.swift in Sources */,
				B200000102 /* AppDelegate.swift in Sources */,
				B200000103 /* NetworkMonitor.swift in Sources */,
				B200000104 /* AppsFlyerService.swift in Sources */,
				B200000105 /* PushNotificationService.swift in Sources */,
				B200000106 /* ConfigService.swift in Sources */,
				B200000107 /* AppStateManager.swift in Sources */,
				B200000108 /* FullscreenWebView.swift in Sources */,
				B200000109 /* LoadingView.swift in Sources */,
				B200000110 /* NoInternetView.swift in Sources */,
				B200000111 /* PushPermissionView.swift in Sources */,
			);
			runOnlyForDeploymentPostprocessing = 0;
		};
/* End PBXSourcesBuildPhase section */

/* Begin PBXTargetDependency section */
		8EE284302F86F22E0023B517 /* PBXTargetDependency */ = {
			isa = PBXTargetDependency;
			target = 8EE284292F86F22E0023B517 /* Notification */;
			targetProxy = 8EE2842F2F86F22E0023B517 /* PBXContainerItemProxy */;
		};
/* End PBXTargetDependency section */

/* Begin XCBuildConfiguration section */
		8EE284332F86F22E0023B517 /* Debug */ = {
			isa = XCBuildConfiguration;
			buildSettings = {
				CODE_SIGN_IDENTITY = "Apple Development";
				CODE_SIGN_STYLE = Automatic;
				CURRENT_PROJECT_VERSION = 1;
				DEVELOPMENT_TEAM = "";
				GENERATE_INFOPLIST_FILE = YES;
				INFOPLIST_FILE = Notification/Info.plist;
				INFOPLIST_KEY_CFBundleDisplayName = Notification;
				INFOPLIST_KEY_LSApplicationCategoryType = "";
				INFOPLIST_KEY_NSCameraUsageDescription = "This app requires access to your camera to make photos";
				INFOPLIST_KEY_NSHumanReadableCopyright = "";
				INFOPLIST_KEY_NSUserTrackingUsageDescription = "We use this to deliver personalized content";
				IPHONEOS_DEPLOYMENT_TARGET = 17.0;
				LD_RUNPATH_SEARCH_PATHS = (
					"$(inherited)",
					"@executable_path/Frameworks",
					"@executable_path/../../Frameworks",
				);
				MARKETING_VERSION = 1.1.1;
				PRODUCT_BUNDLE_IDENTIFIER = poolchemistry.matthijsriemsdijk.Notification;
				PRODUCT_NAME = "$(TARGET_NAME)";
				SKIP_INSTALL = YES;
				STRING_CATALOG_GENERATE_SYMBOLS = YES;
				SUPPORTED_PLATFORMS = "iphoneos iphonesimulator";
				SUPPORTS_MACCATALYST = NO;
				SUPPORTS_MAC_DESIGNED_FOR_IPHONE_IPAD = NO;
				SUPPORTS_XR_DESIGNED_FOR_IPHONE_IPAD = NO;
				SWIFT_APPROACHABLE_CONCURRENCY = YES;
				SWIFT_EMIT_LOC_STRINGS = YES;
				SWIFT_UPCOMING_FEATURE_MEMBER_IMPORT_VISIBILITY = YES;
				SWIFT_VERSION = 5.0;
				TARGETED_DEVICE_FAMILY = 1;
			};
			name = Debug;
		};
		8EE284342F86F22E0023B517 /* Release */ = {
			isa = XCBuildConfiguration;
			buildSettings = {
				CODE_SIGN_IDENTITY = "Apple Development";
				CODE_SIGN_STYLE = Automatic;
				CURRENT_PROJECT_VERSION = 1;
				DEVELOPMENT_TEAM = "";
				GENERATE_INFOPLIST_FILE = YES;
				INFOPLIST_FILE = Notification/Info.plist;
				INFOPLIST_KEY_CFBundleDisplayName = Notification;
				INFOPLIST_KEY_LSApplicationCategoryType = "";
				INFOPLIST_KEY_NSCameraUsageDescription = "This app requires access to your camera to make photos";
				INFOPLIST_KEY_NSHumanReadableCopyright = "";
				INFOPLIST_KEY_NSUserTrackingUsageDescription = "We use this to deliver personalized content";
				IPHONEOS_DEPLOYMENT_TARGET = 17.0;
				LD_RUNPATH_SEARCH_PATHS = (
					"$(inherited)",
					"@executable_path/Frameworks",
					"@executable_path/../../Frameworks",
				);
				MARKETING_VERSION = 1.1.1;
				MTL_ENABLE_DEBUG_INFO = NO;
				PRODUCT_BUNDLE_IDENTIFIER = poolchemistry.matthijsriemsdijk.Notification;
				PRODUCT_NAME = "$(TARGET_NAME)";
				SKIP_INSTALL = YES;
				STRING_CATALOG_GENERATE_SYMBOLS = YES;
				SUPPORTED_PLATFORMS = "iphoneos iphonesimulator";
				SUPPORTS_MACCATALYST = NO;
				SUPPORTS_MAC_DESIGNED_FOR_IPHONE_IPAD = NO;
				SUPPORTS_XR_DESIGNED_FOR_IPHONE_IPAD = NO;
				SWIFT_APPROACHABLE_CONCURRENCY = YES;
				SWIFT_EMIT_LOC_STRINGS = YES;
				SWIFT_UPCOMING_FEATURE_MEMBER_IMPORT_VISIBILITY = YES;
				SWIFT_VERSION = 5.0;
				TARGETED_DEVICE_FAMILY = 1;
			};
			name = Release;
		};
		F100000001 /* Debug */ = {
			isa = XCBuildConfiguration;
			buildSettings = {
				ALWAYS_SEARCH_USER_PATHS = NO;
				ASSETCATALOG_COMPILER_GENERATE_SWIFT_ASSET_SYMBOL_EXTENSIONS = YES;
				CLANG_ANALYZER_NONNULL = YES;
				CLANG_ANALYZER_NUMBER_OBJECT_CONVERSION = YES_AGGRESSIVE;
				CLANG_CXX_LANGUAGE_STANDARD = "gnu++20";
				CLANG_ENABLE_MODULES = YES;
				CLANG_ENABLE_OBJC_ARC = YES;
				CLANG_ENABLE_OBJC_WEAK = YES;
				CLANG_WARN_BLOCK_CAPTURE_AUTORELEASING = YES;
				CLANG_WARN_BOOL_CONVERSION = YES;
				CLANG_WARN_COMMA = YES;
				CLANG_WARN_CONSTANT_CONVERSION = YES;
				CLANG_WARN_DEPRECATED_OBJC_IMPLEMENTATIONS = YES;
				CLANG_WARN_DIRECT_OBJC_ISA_USAGE = YES_ERROR;
				CLANG_WARN_DOCUMENTATION_COMMENTS = YES;
				CLANG_WARN_EMPTY_BODY = YES;
				CLANG_WARN_ENUM_CONVERSION = YES;
				CLANG_WARN_INFINITE_RECURSION = YES;
				CLANG_WARN_INT_CONVERSION = YES;
				CLANG_WARN_NON_LITERAL_NULL_CONVERSION = YES;
				CLANG_WARN_OBJC_IMPLICIT_RETAIN_SELF = YES;
				CLANG_WARN_OBJC_LITERAL_CONVERSION = YES;
				CLANG_WARN_OBJC_ROOT_CLASS = YES_ERROR;
				CLANG_WARN_QUOTED_INCLUDE_IN_FRAMEWORK_HEADER = YES;
				CLANG_WARN_RANGE_LOOP_ANALYSIS = YES;
				CLANG_WARN_STRICT_PROTOTYPES = YES;
				CLANG_WARN_SUSPICIOUS_MOVE = YES;
				CLANG_WARN_UNGUARDED_AVAILABILITY = YES_AGGRESSIVE;
				CLANG_WARN_UNREACHABLE_CODE = YES;
				CLANG_WARN__DUPLICATE_METHOD_MATCH = YES;
				COPY_PHASE_STRIP = NO;
				DEBUG_INFORMATION_FORMAT = dwarf;
				ENABLE_STRICT_OBJC_MSGSEND = YES;
				ENABLE_TESTABILITY = YES;
				ENABLE_USER_SCRIPT_SANDBOXING = YES;
				GCC_C_LANGUAGE_STANDARD = gnu17;
				GCC_DYNAMIC_NO_PIC = NO;
				GCC_NO_COMMON_BLOCKS = YES;
				GCC_OPTIMIZATION_LEVEL = 0;
				GCC_PREPROCESSOR_DEFINITIONS = (
					"DEBUG=1",
					"$(inherited)",
				);
				GCC_WARN_64_TO_32_BIT_CONVERSION = YES;
				GCC_WARN_ABOUT_RETURN_TYPE = YES_ERROR;
				GCC_WARN_UNDECLARED_SELECTOR = YES;
				GCC_WARN_UNINITIALIZED_AUTOS = YES_AGGRESSIVE;
				GCC_WARN_UNUSED_FUNCTION = YES;
				GCC_WARN_UNUSED_VARIABLE = YES;
				IPHONEOS_DEPLOYMENT_TARGET = 17.0;
				LOCALIZATION_PREFERS_STRING_CATALOGS = YES;
				MTL_ENABLE_DEBUG_INFO = INCLUDE_SOURCE;
				MTL_FAST_MATH = YES;
				ONLY_ACTIVE_ARCH = YES;
				SDKROOT = iphoneos;
				SWIFT_ACTIVE_COMPILATION_CONDITIONS = "DEBUG $(inherited)";
				SWIFT_OPTIMIZATION_LEVEL = "-Onone";
			};
			name = Debug;
		};
		F100000002 /* Release */ = {
			isa = XCBuildConfiguration;
			buildSettings = {
				ALWAYS_SEARCH_USER_PATHS = NO;
				ASSETCATALOG_COMPILER_GENERATE_SWIFT_ASSET_SYMBOL_EXTENSIONS = YES;
				CLANG_ANALYZER_NONNULL = YES;
				CLANG_ANALYZER_NUMBER_OBJECT_CONVERSION = YES_AGGRESSIVE;
				CLANG_CXX_LANGUAGE_STANDARD = "gnu++20";
				CLANG_ENABLE_MODULES = YES;
				CLANG_ENABLE_OBJC_ARC = YES;
				CLANG_ENABLE_OBJC_WEAK = YES;
				CLANG_WARN_BLOCK_CAPTURE_AUTORELEASING = YES;
				CLANG_WARN_BOOL_CONVERSION = YES;
				CLANG_WARN_COMMA = YES;
				CLANG_WARN_CONSTANT_CONVERSION = YES;
				CLANG_WARN_DEPRECATED_OBJC_IMPLEMENTATIONS = YES;
				CLANG_WARN_DIRECT_OBJC_ISA_USAGE = YES_ERROR;
				CLANG_WARN_DOCUMENTATION_COMMENTS = YES;
				CLANG_WARN_EMPTY_BODY = YES;
				CLANG_WARN_ENUM_CONVERSION = YES;
				CLANG_WARN_INFINITE_RECURSION = YES;
				CLANG_WARN_INT_CONVERSION = YES;
				CLANG_WARN_NON_LITERAL_NULL_CONVERSION = YES;
				CLANG_WARN_OBJC_IMPLICIT_RETAIN_SELF = YES;
				CLANG_WARN_OBJC_LITERAL_CONVERSION = YES;
				CLANG_WARN_OBJC_ROOT_CLASS = YES_ERROR;
				CLANG_WARN_QUOTED_INCLUDE_IN_FRAMEWORK_HEADER = YES;
				CLANG_WARN_RANGE_LOOP_ANALYSIS = YES;
				CLANG_WARN_STRICT_PROTOTYPES = YES;
				CLANG_WARN_SUSPICIOUS_MOVE = YES;
				CLANG_WARN_UNGUARDED_AVAILABILITY = YES_AGGRESSIVE;
				CLANG_WARN_UNREACHABLE_CODE = YES;
				CLANG_WARN__DUPLICATE_METHOD_MATCH = YES;
				COPY_PHASE_STRIP = NO;
				DEBUG_INFORMATION_FORMAT = "dwarf-with-dsym";
				ENABLE_NS_ASSERTIONS = NO;
				ENABLE_STRICT_OBJC_MSGSEND = YES;
				ENABLE_USER_SCRIPT_SANDBOXING = YES;
				GCC_C_LANGUAGE_STANDARD = gnu17;
				GCC_NO_COMMON_BLOCKS = YES;
				GCC_WARN_64_TO_32_BIT_CONVERSION = YES;
				GCC_WARN_ABOUT_RETURN_TYPE = YES_ERROR;
				GCC_WARN_UNDECLARED_SELECTOR = YES;
				GCC_WARN_UNINITIALIZED_AUTOS = YES_AGGRESSIVE;
				GCC_WARN_UNUSED_FUNCTION = YES;
				GCC_WARN_UNUSED_VARIABLE = YES;
				IPHONEOS_DEPLOYMENT_TARGET = 17.0;
				LOCALIZATION_PREFERS_STRING_CATALOGS = YES;
				MTL_FAST_MATH = YES;
				SDKROOT = iphoneos;
				SWIFT_COMPILATION_MODE = wholemodule;
				VALIDATE_PRODUCT = YES;
			};
			name = Release;
		};
		F100000003 /* Debug */ = {
			isa = XCBuildConfiguration;
			buildSettings = {
				ASSETCATALOG_COMPILER_APPICON_NAME = AppIcon;
				ASSETCATALOG_COMPILER_GLOBAL_ACCENT_COLOR_NAME = AccentColor;
				CODE_SIGN_ENTITLEMENTS = PoolChemistry/PoolChemistry.entitlements;
				CODE_SIGN_IDENTITY = "Apple Development";
				CODE_SIGN_STYLE = Automatic;
				CURRENT_PROJECT_VERSION = 1;
				DEVELOPMENT_TEAM = "";
				GENERATE_INFOPLIST_FILE = YES;
				INFOPLIST_FILE = PoolChemistry/Info.plist;
				INFOPLIST_KEY_CFBundleDisplayName = "Pool Chemistryio";
				INFOPLIST_KEY_UIApplicationSceneManifest_Generation = YES;
				INFOPLIST_KEY_UIApplicationSupportsIndirectInputEvents = YES;
				INFOPLIST_KEY_UILaunchScreen_Generation = YES;
				INFOPLIST_KEY_UISupportedInterfaceOrientations = "UIInterfaceOrientationLandscapeLeft UIInterfaceOrientationLandscapeRight UIInterfaceOrientationPortrait";
				INFOPLIST_KEY_UISupportedInterfaceOrientations_iPad = UIInterfaceOrientationPortrait;
				LD_RUNPATH_SEARCH_PATHS = (
					"$(inherited)",
					"@executable_path/Frameworks",
				);
				MARKETING_VERSION = 1.1.2;
				PRODUCT_BUNDLE_IDENTIFIER = poolchemistry.matthijsriemsdijk;
				PRODUCT_NAME = "$(TARGET_NAME)";
				PROVISIONING_PROFILE_SPECIFIER = "";
				SUPPORTED_PLATFORMS = "iphoneos iphonesimulator";
				SUPPORTS_MACCATALYST = NO;
				SUPPORTS_MAC_DESIGNED_FOR_IPHONE_IPAD = NO;
				SUPPORTS_XR_DESIGNED_FOR_IPHONE_IPAD = NO;
				SWIFT_EMIT_LOC_STRINGS = YES;
				SWIFT_VERSION = 5.0;
				TARGETED_DEVICE_FAMILY = 1;
			};
			name = Debug;
		};
		F100000004 /* Release */ = {
			isa = XCBuildConfiguration;
			buildSettings = {
				ASSETCATALOG_COMPILER_APPICON_NAME = AppIcon;
				ASSETCATALOG_COMPILER_GLOBAL_ACCENT_COLOR_NAME = AccentColor;
				CODE_SIGN_ENTITLEMENTS = PoolChemistry/PoolChemistry.entitlements;
				CODE_SIGN_IDENTITY = "Apple Development";
				CODE_SIGN_STYLE = Automatic;
				CURRENT_PROJECT_VERSION = 1;
				DEVELOPMENT_TEAM = "";
				GENERATE_INFOPLIST_FILE = YES;
				INFOPLIST_FILE = PoolChemistry/Info.plist;
				INFOPLIST_KEY_CFBundleDisplayName = "Pool Chemistryio";
				INFOPLIST_KEY_UIApplicationSceneManifest_Generation = YES;
				INFOPLIST_KEY_UIApplicationSupportsIndirectInputEvents = YES;
				INFOPLIST_KEY_UILaunchScreen_Generation = YES;
				INFOPLIST_KEY_UISupportedInterfaceOrientations = "UIInterfaceOrientationLandscapeLeft UIInterfaceOrientationLandscapeRight UIInterfaceOrientationPortrait";
				INFOPLIST_KEY_UISupportedInterfaceOrientations_iPad = UIInterfaceOrientationPortrait;
				LD_RUNPATH_SEARCH_PATHS = (
					"$(inherited)",
					"@executable_path/Frameworks",
				);
				MARKETING_VERSION = 1.1.2;
				PRODUCT_BUNDLE_IDENTIFIER = poolchemistry.matthijsriemsdijk;
				PRODUCT_NAME = "$(TARGET_NAME)";
				PROVISIONING_PROFILE_SPECIFIER = "";
				SUPPORTED_PLATFORMS = "iphoneos iphonesimulator";
				SUPPORTS_MACCATALYST = NO;
				SUPPORTS_MAC_DESIGNED_FOR_IPHONE_IPAD = NO;
				SUPPORTS_XR_DESIGNED_FOR_IPHONE_IPAD = NO;
				SWIFT_EMIT_LOC_STRINGS = YES;
				SWIFT_VERSION = 5.0;
				TARGETED_DEVICE_FAMILY = 1;
			};
			name = Release;
		};
/* End XCBuildConfiguration section */

/* Begin XCConfigurationList section */
		8EE284362F86F22E0023B517 /* Build configuration list for PBXNativeTarget "Notification" */ = {
			isa = XCConfigurationList;
			buildConfigurations = (
				8EE284332F86F22E0023B517 /* Debug */,
				8EE284342F86F22E0023B517 /* Release */,
			);
			defaultConfigurationIsVisible = 0;
			defaultConfigurationName = Release;
		};
		G100000001 /* Build configuration list for PBXProject "PoolChemistry" */ = {
			isa = XCConfigurationList;
			buildConfigurations = (
				F100000001 /* Debug */,
				F100000002 /* Release */,
			);
			defaultConfigurationIsVisible = 0;
			defaultConfigurationName = Release;
		};
		G100000002 /* Build configuration list for PBXNativeTarget "PoolChemistry" */ = {
			isa = XCConfigurationList;
			buildConfigurations = (
				F100000003 /* Debug */,
				F100000004 /* Release */,
			);
			defaultConfigurationIsVisible = 0;
			defaultConfigurationName = Release;
		};
/* End XCConfigurationList section */

/* Begin XCRemoteSwiftPackageReference section */
		8EE284372F86F2700023B517 /* XCRemoteSwiftPackageReference "firebase-ios-sdk" */ = {
			isa = XCRemoteSwiftPackageReference;
			repositoryURL = "https://github.com/firebase/firebase-ios-sdk";
			requirement = {
				kind = upToNextMajorVersion;
				minimumVersion = 12.12.0;
			};
		};
		8EE2843C2F86F27D0023B517 /* XCRemoteSwiftPackageReference "AppsFlyerFramework-Static" */ = {
			isa = XCRemoteSwiftPackageReference;
			repositoryURL = "https://github.com/AppsFlyerSDK/AppsFlyerFramework-Static";
			requirement = {
				kind = upToNextMajorVersion;
				minimumVersion = 6.17.9;
			};
		};
/* End XCRemoteSwiftPackageReference section */

/* Begin XCSwiftPackageProductDependency section */
		8EE284382F86F2700023B517 /* FirebaseCore */ = {
			isa = XCSwiftPackageProductDependency;
			package = 8EE284372F86F2700023B517 /* XCRemoteSwiftPackageReference "firebase-ios-sdk" */;
			productName = FirebaseCore;
		};
		8EE2843A2F86F2700023B517 /* FirebaseMessaging */ = {
			isa = XCSwiftPackageProductDependency;
			package = 8EE284372F86F2700023B517 /* XCRemoteSwiftPackageReference "firebase-ios-sdk" */;
			productName = FirebaseMessaging;
		};
		8EE2843D2F86F27D0023B517 /* AppsFlyerLib-Static */ = {
			isa = XCSwiftPackageProductDependency;
			package = 8EE2843C2F86F27D0023B517 /* XCRemoteSwiftPackageReference "AppsFlyerFramework-Static" */;
			productName = "AppsFlyerLib-Static";
		};
		8EE284402F86F2870023B517 /* FirebaseMessaging */ = {
			isa = XCSwiftPackageProductDependency;
			package = 8EE284372F86F2700023B517 /* XCRemoteSwiftPackageReference "firebase-ios-sdk" */;
			productName = FirebaseMessaging;
		};
/* End XCSwiftPackageProductDependency section */
	};
	rootObject = E100000002 /* Project object */;
}
